
Microsoft Visual Studio Solution File, Format Version 12.00
# Visual Studio Version 16
VisualStudioVersion = 16.0.32630.194
MinimumVisualStudioVersion = 10.0.40219.1
Project("{FAE04EC0-301F-11D3-BF4B-00C04F79EFBC}") = "ConexionBD", "Semana 10\ConexionBD.csproj", "{8F6F7C04-645B-4014-84E3-A277F361439E}"
EndProject
Global
	GlobalSection(SolutionConfigurationPlatforms) = preSolution
		Debug|Any CPU = Debug|Any CPU
		Release|Any CPU = Release|Any CPU
	EndGlobalSection
	GlobalSection(ProjectConfigurationPlatforms) = postSolution
		{8F6F7C04-645B-4014-84E3-A277F361439E}.Debug|Any CPU.ActiveCfg = Debug|Any CPU
		{8F6F7C04-645B-4014-84E3-A277F361439E}.Debug|Any CPU.Build.0 = Debug|Any CPU
		{8F6F7C04-645B-4014-84E3-A277F361439E}.Release|Any CPU.ActiveCfg = Release|Any CPU
		{8F6F7C04-645B-4014-84E3-A277F361439E}.Release|Any CPU.Build.0 = Release|Any CPU
	EndGlobalSection
	GlobalSection(SolutionProperties) = preSolution
		HideSolutionNode = FALSE
	EndGlobalSection
	GlobalSection(ExtensibilityGlobals) = postSolution
		SolutionGuid = {D110CCA4-698D-4D5B-BBAA-258646F774DA}
	EndGlobalSection
EndGlobal
